
Microsoft Visual Studio Solution File, Format Version 12.00
# Visual Studio Version 17
VisualStudioVersion = 17.11.35222.181
MinimumVisualStudioVersion = 10.0.40219.1
Project("{FAE04EC0-301F-11D3-BF4B-00C04F79EFBC}") = "MVCMediatorHumsafar", "MVCMediatorHumsafar\MVCMediatorHumsafar.csproj", "{1DA5B20D-77C1-4EA2-8447-CD625CCEEDF4}"
EndProject
Global
	GlobalSection(SolutionConfigurationPlatforms) = preSolution
		Debug|Any CPU = Debug|Any CPU
		Release|Any CPU = Release|Any CPU
	EndGlobalSection
	GlobalSection(ProjectConfigurationPlatforms) = postSolution
		{1DA5B20D-77C1-4EA2-8447-CD625CCEEDF4}.Debug|Any CPU.ActiveCfg = Debug|Any CPU
		{1DA5B20D-77C1-4EA2-8447-CD625CCEEDF4}.Debug|Any CPU.Build.0 = Debug|Any CPU
		{1DA5B20D-77C1-4EA2-8447-CD625CCEEDF4}.Release|Any CPU.ActiveCfg = Release|Any CPU
		{1DA5B20D-77C1-4EA2-8447-CD625CCEEDF4}.Release|Any CPU.Build.0 = Release|Any CPU
	EndGlobalSection
	GlobalSection(SolutionProperties) = preSolution
		HideSolutionNode = FALSE
	EndGlobalSection
	GlobalSection(ExtensibilityGlobals) = postSolution
		SolutionGuid = {178186AB-D3B9-49DC-ADD1-50BA95F57A5C}
	EndGlobalSection
EndGlobal
